// !$*UTF8*$!
{
	archiveVersion = 1;
	classes = {
	};
	objectVersion = 46;
	objects = {

/* Begin PBXBuildFile section */
		971104F4199D5BED00C2EF5C /* ITCTeamCowboyError.m in Sources */ = {isa = PBXBuildFile; fileRef = 971104F3199D5BED00C2EF5C /* ITCTeamCowboyError.m */; };
		971104F9199D6D6700C2EF5C /* ITCAlertingService.m in Sources */ = {isa = PBXBuildFile; fileRef = 971104F8199D6D6700C2EF5C /* ITCAlertingService.m */; };
		971104FE199D7B4900C2EF5C /* ITCHttpConnectionImp.m in Sources */ = {isa = PBXBuildFile; fileRef = 971104FD199D7B4900C2EF5C /* ITCHttpConnectionImp.m */; };
		97110501199D7E4100C2EF5C /* ITCHttpConnectionMock.m in Sources */ = {isa = PBXBuildFile; fileRef = 97110500199D7E4100C2EF5C /* ITCHttpConnectionMock.m */; };
		97110502199D80B400C2EF5C /* ITCHttpConnectionMock.m in Sources */ = {isa = PBXBuildFile; fileRef = 97110500199D7E4100C2EF5C /* ITCHttpConnectionMock.m */; };
		97110504199D815700C2EF5C /* ITCAuthenticationProviderTests.m in Sources */ = {isa = PBXBuildFile; fileRef = 97110503199D815700C2EF5C /* ITCAuthenticationProviderTests.m */; };
		97110507199D817D00C2EF5C /* ITCHttpConnectionDelegate.m in Sources */ = {isa = PBXBuildFile; fileRef = 97110506199D817D00C2EF5C /* ITCHttpConnectionDelegate.m */; };
		9711050B199D839C00C2EF5C /* ITCAuthenticationRequestHandler.m in Sources */ = {isa = PBXBuildFile; fileRef = 9711050A199D839C00C2EF5C /* ITCAuthenticationRequestHandler.m */; };
		9711050E199D86E400C2EF5C /* ITCTeamCowboyHttpDataGenerator.m in Sources */ = {isa = PBXBuildFile; fileRef = 9711050D199D86E400C2EF5C /* ITCTeamCowboyHttpDataGenerator.m */; };
		97110511199D89D200C2EF5C /* ITCTestCase.m in Sources */ = {isa = PBXBuildFile; fileRef = 97110510199D89D200C2EF5C /* ITCTestCase.m */; };
		97110515199DB08600C2EF5C /* NSDictionary+URL.m in Sources */ = {isa = PBXBuildFile; fileRef = 97110514199DB08600C2EF5C /* NSDictionary+URL.m */; };
		97110518199EE8E900C2EF5C /* Teams.storyboard in Resources */ = {isa = PBXBuildFile; fileRef = 97110517199EE8E900C2EF5C /* Teams.storyboard */; };
		9711051B199EE90500C2EF5C /* Events.storyboard in Resources */ = {isa = PBXBuildFile; fileRef = 9711051A199EE90500C2EF5C /* Events.storyboard */; };
		97110520199EECC100C2EF5C /* tabBar_events@2x.png in Resources */ = {isa = PBXBuildFile; fileRef = 9711051E199EECC100C2EF5C /* tabBar_events@2x.png */; };
		97110521199EECC100C2EF5C /* tabBar_events.png in Resources */ = {isa = PBXBuildFile; fileRef = 9711051F199EECC100C2EF5C /* tabBar_events.png */; };
		97110524199EEEA300C2EF5C /* tabBar_teams@2x.png in Resources */ = {isa = PBXBuildFile; fileRef = 97110522199EEEA300C2EF5C /* tabBar_teams@2x.png */; };
		97110525199EEEA300C2EF5C /* tabBar_teams.png in Resources */ = {isa = PBXBuildFile; fileRef = 97110523199EEEA300C2EF5C /* tabBar_teams.png */; };
		9711052A199EF29400C2EF5C /* ITCAppTabBarController.m in Sources */ = {isa = PBXBuildFile; fileRef = 97110529199EF29400C2EF5C /* ITCAppTabBarController.m */; };
		9711052D199EF43400C2EF5C /* ITCResourceService.m in Sources */ = {isa = PBXBuildFile; fileRef = 9711052C199EF43400C2EF5C /* ITCResourceService.m */; };
		97110532199EFCA200C2EF5C /* tabBar_messages@2x.png in Resources */ = {isa = PBXBuildFile; fileRef = 97110530199EFCA200C2EF5C /* tabBar_messages@2x.png */; };
		97110533199EFCA200C2EF5C /* tabBar_messages.png in Resources */ = {isa = PBXBuildFile; fileRef = 97110531199EFCA200C2EF5C /* tabBar_messages.png */; };
		97110535199EFD4A00C2EF5C /* Messages.storyboard in Resources */ = {isa = PBXBuildFile; fileRef = 97110534199EFD4A00C2EF5C /* Messages.storyboard */; };
		97110538199F327600C2EF5C /* More.storyboard in Resources */ = {isa = PBXBuildFile; fileRef = 97110537199F327600C2EF5C /* More.storyboard */; };
		9711053B199FCF8E00C2EF5C /* ITCMoreTableViewController.m in Sources */ = {isa = PBXBuildFile; fileRef = 9711053A199FCF8E00C2EF5C /* ITCMoreTableViewController.m */; };
		9711053F19A06A0800C2EF5C /* ITCFileServiceImp.m in Sources */ = {isa = PBXBuildFile; fileRef = 9711053E19A06A0800C2EF5C /* ITCFileServiceImp.m */; };
		9711054719A06FDC00C2EF5C /* ITCCache.m in Sources */ = {isa = PBXBuildFile; fileRef = 9711054619A06FDC00C2EF5C /* ITCCache.m */; };
		9711054A19A0860600C2EF5C /* ITCButtonTableViewCell.m in Sources */ = {isa = PBXBuildFile; fileRef = 9711054919A0860600C2EF5C /* ITCButtonTableViewCell.m */; };
		9711055119A16F2500C2EF5C /* ITCUser.m in Sources */ = {isa = PBXBuildFile; fileRef = 9711055019A16F2500C2EF5C /* ITCUser.m */; };
		9711055419A1794E00C2EF5C /* NSDictionary+Common.m in Sources */ = {isa = PBXBuildFile; fileRef = 9711055319A1794E00C2EF5C /* NSDictionary+Common.m */; };
		9711055719A1876C00C2EF5C /* ITCTeam.m in Sources */ = {isa = PBXBuildFile; fileRef = 9711055619A1876C00C2EF5C /* ITCTeam.m */; };
		9711055A19A189E500C2EF5C /* ITCTeamCowboyRepository.m in Sources */ = {isa = PBXBuildFile; fileRef = 9711055919A189E500C2EF5C /* ITCTeamCowboyRepository.m */; };
		9711055D19A2DB6D00C2EF5C /* ITCTeamsTableViewController.m in Sources */ = {isa = PBXBuildFile; fileRef = 9711055C19A2DB6D00C2EF5C /* ITCTeamsTableViewController.m */; };
		9711056219A312E800C2EF5C /* ITCActivity.m in Sources */ = {isa = PBXBuildFile; fileRef = 9711056119A312E800C2EF5C /* ITCActivity.m */; };
		9711056519A43D6E00C2EF5C /* ITCTeamTableViewCell.m in Sources */ = {isa = PBXBuildFile; fileRef = 9711056419A43D6E00C2EF5C /* ITCTeamTableViewCell.m */; };
		972907FD1999C7A200F568A5 /* NSError+Common.m in Sources */ = {isa = PBXBuildFile; fileRef = 972907FC1999C7A200F568A5 /* NSError+Common.m */; };
		97290800199AFF0A00F568A5 /* ITCAuthenticationContext.m in Sources */ = {isa = PBXBuildFile; fileRef = 972907FF199AFF0A00F568A5 /* ITCAuthenticationContext.m */; };
		97290803199B027F00F568A5 /* ITCSerializableObject.m in Sources */ = {isa = PBXBuildFile; fileRef = 97290802199B027F00F568A5 /* ITCSerializableObject.m */; };
		97290807199B07A700F568A5 /* ITCTeamCowboyEntitySerializer.m in Sources */ = {isa = PBXBuildFile; fileRef = 97290806199B07A700F568A5 /* ITCTeamCowboyEntitySerializer.m */; };
		9729080A199B0B2300F568A5 /* ITCTeamCowboyServiceImp.m in Sources */ = {isa = PBXBuildFile; fileRef = 97290809199B0B2300F568A5 /* ITCTeamCowboyServiceImp.m */; };
		97290811199BC7CC00F568A5 /* NSString+URL.m in Sources */ = {isa = PBXBuildFile; fileRef = 97290810199BC7CC00F568A5 /* NSString+URL.m */; };
		9729081B199C677400F568A5 /* ITCTeamCowboyApiKeys.m in Sources */ = {isa = PBXBuildFile; fileRef = 9729081A199C677400F568A5 /* ITCTeamCowboyApiKeys.m */; };
		978C72C519B2AA9B003C817F /* ITCSerializableObjectTests.m in Sources */ = {isa = PBXBuildFile; fileRef = 978C72C419B2AA9B003C817F /* ITCSerializableObjectTests.m */; };
		978C72C819B3D955003C817F /* NSArray+Common.m in Sources */ = {isa = PBXBuildFile; fileRef = 978C72C719B3D955003C817F /* NSArray+Common.m */; };
		978C72CB19B3E2F0003C817F /* ITCEventsTableViewDataSource.m in Sources */ = {isa = PBXBuildFile; fileRef = 978C72CA19B3E2F0003C817F /* ITCEventsTableViewDataSource.m */; };
		978C72D119B3F25B003C817F /* ITCEventAttendanceList.m in Sources */ = {isa = PBXBuildFile; fileRef = 978C72D019B3F25B003C817F /* ITCEventAttendanceList.m */; };
		97A0698F1997F90A0094556D /* main.m in Sources */ = {isa = PBXBuildFile; fileRef = 97A0698E1997F90A0094556D /* main.m */; };
		97A0699A1997F90A0094556D /* Images.xcassets in Resources */ = {isa = PBXBuildFile; fileRef = 97A069991997F90A0094556D /* Images.xcassets */; };
		97A069B21997FAB60094556D /* ITCAppDelegate.m in Sources */ = {isa = PBXBuildFile; fileRef = 97A069B11997FAB60094556D /* ITCAppDelegate.m */; };
		97A069B6199803120094556D /* ITCLoginViewController.m in Sources */ = {isa = PBXBuildFile; fileRef = 97A069B5199803120094556D /* ITCLoginViewController.m */; };
		97A069BA1998046A0094556D /* Login.storyboard in Resources */ = {isa = PBXBuildFile; fileRef = 97A069B91998046A0094556D /* Login.storyboard */; };
		97A069C2199885080094556D /* UIViewController+Common.m in Sources */ = {isa = PBXBuildFile; fileRef = 97A069C1199885080094556D /* UIViewController+Common.m */; };
		97A069C5199889410094556D /* NSString+Common.m in Sources */ = {isa = PBXBuildFile; fileRef = 97A069C4199889410094556D /* NSString+Common.m */; };
		97A069C819988EBE0094556D /* ITCAppFactory.m in Sources */ = {isa = PBXBuildFile; fileRef = 97A069C719988EBE0094556D /* ITCAppFactory.m */; };
		97A069D21999AE510094556D /* ITCAuthenticationProviderImp.m in Sources */ = {isa = PBXBuildFile; fileRef = 97A069D11999AE510094556D /* ITCAuthenticationProviderImp.m */; };
		97A069D51999B3360094556D /* NSObject+Concurrency.m in Sources */ = {isa = PBXBuildFile; fileRef = 97A069D41999B3360094556D /* NSObject+Concurrency.m */; };
		97C4F62419AA9A4300E69FCB /* ITCEvent.m in Sources */ = {isa = PBXBuildFile; fileRef = 97C4F62319AA9A4300E69FCB /* ITCEvent.m */; };
		97C4F62719B003FB00E69FCB /* ITCEventsTableViewController.m in Sources */ = {isa = PBXBuildFile; fileRef = 97C4F62619B003FB00E69FCB /* ITCEventsTableViewController.m */; };
		97C4F62A19B0056F00E69FCB /* ITCEventTableViewCell.m in Sources */ = {isa = PBXBuildFile; fileRef = 97C4F62919B0056F00E69FCB /* ITCEventTableViewCell.m */; };
		97C4F62D19B150F800E69FCB /* ITCEventRsvp.m in Sources */ = {isa = PBXBuildFile; fileRef = 97C4F62C19B150F800E69FCB /* ITCEventRsvp.m */; };
/* End PBXBuildFile section */

/* Begin PBXContainerItemProxy section */
		97A069A01997F90A0094556D /* PBXContainerItemProxy */ = {
			isa = PBXContainerItemProxy;
			containerPortal = 97A069811997F90A0094556D /* Project object */;
			proxyType = 1;
			remoteGlobalIDString = 97A069881997F90A0094556D;
			remoteInfo = "TeamCowboy-iPhone";
		};
/* End PBXContainerItemProxy section */

/* Begin PBXFileReference section */
		971104F2199D5BED00C2EF5C /* ITCTeamCowboyError.h */ = {isa = PBXFileReference; fileEncoding = 4; lastKnownFileType = sourcecode.c.h; path = ITCTeamCowboyError.h; sourceTree = "<group>"; };
		971104F3199D5BED00C2EF5C /* ITCTeamCowboyError.m */ = {isa = PBXFileReference; fileEncoding = 4; lastKnownFileType = sourcecode.c.objc; path = ITCTeamCowboyError.m; sourceTree = "<group>"; };
		971104F6199D670900C2EF5C /* ITCDiagnosticsMacros.h */ = {isa = PBXFileReference; lastKnownFileType = sourcecode.c.h; path = ITCDiagnosticsMacros.h; sourceTree = "<group>"; };
		971104F7199D6D6700C2EF5C /* ITCAlertingService.h */ = {isa = PBXFileReference; fileEncoding = 4; lastKnownFileType = sourcecode.c.h; path = ITCAlertingService.h; sourceTree = "<group>"; };
		971104F8199D6D6700C2EF5C /* ITCAlertingService.m */ = {isa = PBXFileReference; fileEncoding = 4; lastKnownFileType = sourcecode.c.objc; path = ITCAlertingService.m; sourceTree = "<group>"; };
		971104FB199D79EC00C2EF5C /* ITCHttpConnection.h */ = {isa = PBXFileReference; fileEncoding = 4; lastKnownFileType = sourcecode.c.h; path = ITCHttpConnection.h; sourceTree = "<group>"; };
		971104FC199D7B4900C2EF5C /* ITCHttpConnectionImp.h */ = {isa = PBXFileReference; fileEncoding = 4; lastKnownFileType = sourcecode.c.h; path = ITCHttpConnectionImp.h; sourceTree = "<group>"; };
		971104FD199D7B4900C2EF5C /* ITCHttpConnectionImp.m */ = {isa = PBXFileReference; fileEncoding = 4; lastKnownFileType = sourcecode.c.objc; path = ITCHttpConnectionImp.m; sourceTree = "<group>"; };
		971104FF199D7E4100C2EF5C /* ITCHttpConnectionMock.h */ = {isa = PBXFileReference; fileEncoding = 4; lastKnownFileType = sourcecode.c.h; name = ITCHttpConnectionMock.h; path = "TeamCowboy-iPhoneTests/ITCHttpConnectionMock.h"; sourceTree = SOURCE_ROOT; };
		97110500199D7E4100C2EF5C /* ITCHttpConnectionMock.m */ = {isa = PBXFileReference; fileEncoding = 4; lastKnownFileType = sourcecode.c.objc; name = ITCHttpConnectionMock.m; path = "TeamCowboy-iPhoneTests/ITCHttpConnectionMock.m"; sourceTree = SOURCE_ROOT; };
		97110503199D815700C2EF5C /* ITCAuthenticationProviderTests.m */ = {isa = PBXFileReference; fileEncoding = 4; lastKnownFileType = sourcecode.c.objc; path = ITCAuthenticationProviderTests.m; sourceTree = "<group>"; };
		97110505199D817D00C2EF5C /* ITCHttpConnectionDelegate.h */ = {isa = PBXFileReference; fileEncoding = 4; lastKnownFileType = sourcecode.c.h; path = ITCHttpConnectionDelegate.h; sourceTree = "<group>"; };
		97110506199D817D00C2EF5C /* ITCHttpConnectionDelegate.m */ = {isa = PBXFileReference; fileEncoding = 4; lastKnownFileType = sourcecode.c.objc; path = ITCHttpConnectionDelegate.m; sourceTree = "<group>"; };
		97110509199D839C00C2EF5C /* ITCAuthenticationRequestHandler.h */ = {isa = PBXFileReference; fileEncoding = 4; lastKnownFileType = sourcecode.c.h; path = ITCAuthenticationRequestHandler.h; sourceTree = "<group>"; };
		9711050A199D839C00C2EF5C /* ITCAuthenticationRequestHandler.m */ = {isa = PBXFileReference; fileEncoding = 4; lastKnownFileType = sourcecode.c.objc; path = ITCAuthenticationRequestHandler.m; sourceTree = "<group>"; };
		9711050C199D86E400C2EF5C /* ITCTeamCowboyHttpDataGenerator.h */ = {isa = PBXFileReference; fileEncoding = 4; lastKnownFileType = sourcecode.c.h; path = ITCTeamCowboyHttpDataGenerator.h; sourceTree = "<group>"; };
		9711050D199D86E400C2EF5C /* ITCTeamCowboyHttpDataGenerator.m */ = {isa = PBXFileReference; fileEncoding = 4; lastKnownFileType = sourcecode.c.objc; path = ITCTeamCowboyHttpDataGenerator.m; sourceTree = "<group>"; };
		9711050F199D89D200C2EF5C /* ITCTestCase.h */ = {isa = PBXFileReference; fileEncoding = 4; lastKnownFileType = sourcecode.c.h; path = ITCTestCase.h; sourceTree = "<group>"; };
		97110510199D89D200C2EF5C /* ITCTestCase.m */ = {isa = PBXFileReference; fileEncoding = 4; lastKnownFileType = sourcecode.c.objc; path = ITCTestCase.m; sourceTree = "<group>"; };
		97110513199DB08600C2EF5C /* NSDictionary+URL.h */ = {isa = PBXFileReference; fileEncoding = 4; lastKnownFileType = sourcecode.c.h; path = "NSDictionary+URL.h"; sourceTree = "<group>"; };
		97110514199DB08600C2EF5C /* NSDictionary+URL.m */ = {isa = PBXFileReference; fileEncoding = 4; lastKnownFileType = sourcecode.c.objc; path = "NSDictionary+URL.m"; sourceTree = "<group>"; };
		97110517199EE8E900C2EF5C /* Teams.storyboard */ = {isa = PBXFileReference; fileEncoding = 4; lastKnownFileType = file.storyboard; path = Teams.storyboard; sourceTree = "<group>"; };
		9711051A199EE90500C2EF5C /* Events.storyboard */ = {isa = PBXFileReference; fileEncoding = 4; lastKnownFileType = file.storyboard; path = Events.storyboard; sourceTree = "<group>"; };
		9711051E199EECC100C2EF5C /* tabBar_events@2x.png */ = {isa = PBXFileReference; lastKnownFileType = image.png; path = "tabBar_events@2x.png"; sourceTree = "<group>"; };
		9711051F199EECC100C2EF5C /* tabBar_events.png */ = {isa = PBXFileReference; lastKnownFileType = image.png; path = tabBar_events.png; sourceTree = "<group>"; };
		97110522199EEEA300C2EF5C /* tabBar_teams@2x.png */ = {isa = PBXFileReference; lastKnownFileType = image.png; path = "tabBar_teams@2x.png"; sourceTree = "<group>"; };
		97110523199EEEA300C2EF5C /* tabBar_teams.png */ = {isa = PBXFileReference; lastKnownFileType = image.png; path = tabBar_teams.png; sourceTree = "<group>"; };
		97110528199EF29400C2EF5C /* ITCAppTabBarController.h */ = {isa = PBXFileReference; fileEncoding = 4; lastKnownFileType = sourcecode.c.h; path = ITCAppTabBarController.h; sourceTree = "<group>"; };
		97110529199EF29400C2EF5C /* ITCAppTabBarController.m */ = {isa = PBXFileReference; fileEncoding = 4; lastKnownFileType = sourcecode.c.objc; path = ITCAppTabBarController.m; sourceTree = "<group>"; };
		9711052B199EF43400C2EF5C /* ITCResourceService.h */ = {isa = PBXFileReference; fileEncoding = 4; lastKnownFileType = sourcecode.c.h; path = ITCResourceService.h; sourceTree = "<group>"; };
		9711052C199EF43400C2EF5C /* ITCResourceService.m */ = {isa = PBXFileReference; fileEncoding = 4; lastKnownFileType = sourcecode.c.objc; path = ITCResourceService.m; sourceTree = "<group>"; };
		97110530199EFCA200C2EF5C /* tabBar_messages@2x.png */ = {isa = PBXFileReference; lastKnownFileType = image.png; path = "tabBar_messages@2x.png"; sourceTree = "<group>"; };
		97110531199EFCA200C2EF5C /* tabBar_messages.png */ = {isa = PBXFileReference; lastKnownFileType = image.png; path = tabBar_messages.png; sourceTree = "<group>"; };
		97110534199EFD4A00C2EF5C /* Messages.storyboard */ = {isa = PBXFileReference; fileEncoding = 4; lastKnownFileType = file.storyboard; path = Messages.storyboard; sourceTree = "<group>"; };
		97110537199F327600C2EF5C /* More.storyboard */ = {isa = PBXFileReference; fileEncoding = 4; lastKnownFileType = file.storyboard; path = More.storyboard; sourceTree = "<group>"; };
		97110539199FCF8E00C2EF5C /* ITCMoreTableViewController.h */ = {isa = PBXFileReference; fileEncoding = 4; lastKnownFileType = sourcecode.c.h; path = ITCMoreTableViewController.h; sourceTree = "<group>"; };
		9711053A199FCF8E00C2EF5C /* ITCMoreTableViewController.m */ = {isa = PBXFileReference; fileEncoding = 4; lastKnownFileType = sourcecode.c.objc; path = ITCMoreTableViewController.m; sourceTree = "<group>"; };
		9711053C19A0698F00C2EF5C /* ITCFileService.h */ = {isa = PBXFileReference; fileEncoding = 4; lastKnownFileType = sourcecode.c.h; path = ITCFileService.h; sourceTree = "<group>"; };
		9711053D19A06A0800C2EF5C /* ITCFileServiceImp.h */ = {isa = PBXFileReference; fileEncoding = 4; lastKnownFileType = sourcecode.c.h; path = ITCFileServiceImp.h; sourceTree = "<group>"; };
		9711053E19A06A0800C2EF5C /* ITCFileServiceImp.m */ = {isa = PBXFileReference; fileEncoding = 4; lastKnownFileType = sourcecode.c.objc; path = ITCFileServiceImp.m; sourceTree = "<group>"; };
		9711054519A06FDC00C2EF5C /* ITCCache.h */ = {isa = PBXFileReference; fileEncoding = 4; lastKnownFileType = sourcecode.c.h; path = ITCCache.h; sourceTree = "<group>"; };
		9711054619A06FDC00C2EF5C /* ITCCache.m */ = {isa = PBXFileReference; fileEncoding = 4; lastKnownFileType = sourcecode.c.objc; path = ITCCache.m; sourceTree = "<group>"; };
		9711054819A0860600C2EF5C /* ITCButtonTableViewCell.h */ = {isa = PBXFileReference; fileEncoding = 4; lastKnownFileType = sourcecode.c.h; path = ITCButtonTableViewCell.h; sourceTree = "<group>"; };
		9711054919A0860600C2EF5C /* ITCButtonTableViewCell.m */ = {isa = PBXFileReference; fileEncoding = 4; lastKnownFileType = sourcecode.c.objc; path = ITCButtonTableViewCell.m; sourceTree = "<group>"; };
		9711054F19A16F2500C2EF5C /* ITCUser.h */ = {isa = PBXFileReference; fileEncoding = 4; lastKnownFileType = sourcecode.c.h; path = ITCUser.h; sourceTree = "<group>"; };
		9711055019A16F2500C2EF5C /* ITCUser.m */ = {isa = PBXFileReference; fileEncoding = 4; lastKnownFileType = sourcecode.c.objc; path = ITCUser.m; sourceTree = "<group>"; };
		9711055219A1794E00C2EF5C /* NSDictionary+Common.h */ = {isa = PBXFileReference; fileEncoding = 4; lastKnownFileType = sourcecode.c.h; path = "NSDictionary+Common.h"; sourceTree = "<group>"; };
		9711055319A1794E00C2EF5C /* NSDictionary+Common.m */ = {isa = PBXFileReference; fileEncoding = 4; lastKnownFileType = sourcecode.c.objc; path = "NSDictionary+Common.m"; sourceTree = "<group>"; };
		9711055519A1876C00C2EF5C /* ITCTeam.h */ = {isa = PBXFileReference; fileEncoding = 4; lastKnownFileType = sourcecode.c.h; path = ITCTeam.h; sourceTree = "<group>"; };
		9711055619A1876C00C2EF5C /* ITCTeam.m */ = {isa = PBXFileReference; fileEncoding = 4; lastKnownFileType = sourcecode.c.objc; path = ITCTeam.m; sourceTree = "<group>"; };
		9711055819A189E500C2EF5C /* ITCTeamCowboyRepository.h */ = {isa = PBXFileReference; fileEncoding = 4; lastKnownFileType = sourcecode.c.h; path = ITCTeamCowboyRepository.h; sourceTree = "<group>"; };
		9711055919A189E500C2EF5C /* ITCTeamCowboyRepository.m */ = {isa = PBXFileReference; fileEncoding = 4; lastKnownFileType = sourcecode.c.objc; path = ITCTeamCowboyRepository.m; sourceTree = "<group>"; };
		9711055B19A2DB6D00C2EF5C /* ITCTeamsTableViewController.h */ = {isa = PBXFileReference; fileEncoding = 4; lastKnownFileType = sourcecode.c.h; path = ITCTeamsTableViewController.h; sourceTree = "<group>"; };
		9711055C19A2DB6D00C2EF5C /* ITCTeamsTableViewController.m */ = {isa = PBXFileReference; fileEncoding = 4; lastKnownFileType = sourcecode.c.objc; path = ITCTeamsTableViewController.m; sourceTree = "<group>"; };
		9711055E19A2DD2900C2EF5C /* ITCAppTabBarItem.h */ = {isa = PBXFileReference; fileEncoding = 4; lastKnownFileType = sourcecode.c.h; path = ITCAppTabBarItem.h; sourceTree = "<group>"; };
		9711056019A312E800C2EF5C /* ITCActivity.h */ = {isa = PBXFileReference; fileEncoding = 4; lastKnownFileType = sourcecode.c.h; path = ITCActivity.h; sourceTree = "<group>"; };
		9711056119A312E800C2EF5C /* ITCActivity.m */ = {isa = PBXFileReference; fileEncoding = 4; lastKnownFileType = sourcecode.c.objc; path = ITCActivity.m; sourceTree = "<group>"; };
		9711056319A43D6E00C2EF5C /* ITCTeamTableViewCell.h */ = {isa = PBXFileReference; fileEncoding = 4; lastKnownFileType = sourcecode.c.h; path = ITCTeamTableViewCell.h; sourceTree = "<group>"; };
		9711056419A43D6E00C2EF5C /* ITCTeamTableViewCell.m */ = {isa = PBXFileReference; fileEncoding = 4; lastKnownFileType = sourcecode.c.objc; path = ITCTeamTableViewCell.m; sourceTree = "<group>"; };
		972907F51999B96E00F568A5 /* Prefix.pch */ = {isa = PBXFileReference; lastKnownFileType = sourcecode.c.h; path = Prefix.pch; sourceTree = "<group>"; };
		972907F81999C26F00F568A5 /* ITCTeamCowboyService.h */ = {isa = PBXFileReference; fileEncoding = 4; lastKnownFileType = sourcecode.c.h; path = ITCTeamCowboyService.h; sourceTree = "<group>"; };
		972907FA1999C67B00F568A5 /* ITCError.h */ = {isa = PBXFileReference; lastKnownFileType = sourcecode.c.h; path = ITCError.h; sourceTree = "<group>"; };
		972907FB1999C7A200F568A5 /* NSError+Common.h */ = {isa = PBXFileReference; fileEncoding = 4; lastKnownFileType = sourcecode.c.h; path = "NSError+Common.h"; sourceTree = "<group>"; };
		972907FC1999C7A200F568A5 /* NSError+Common.m */ = {isa = PBXFileReference; fileEncoding = 4; lastKnownFileType = sourcecode.c.objc; path = "NSError+Common.m"; sourceTree = "<group>"; };
		972907FE199AFF0A00F568A5 /* ITCAuthenticationContext.h */ = {isa = PBXFileReference; fileEncoding = 4; lastKnownFileType = sourcecode.c.h; path = ITCAuthenticationContext.h; sourceTree = "<group>"; };
		972907FF199AFF0A00F568A5 /* ITCAuthenticationContext.m */ = {isa = PBXFileReference; fileEncoding = 4; lastKnownFileType = sourcecode.c.objc; path = ITCAuthenticationContext.m; sourceTree = "<group>"; };
		97290801199B027F00F568A5 /* ITCSerializableObject.h */ = {isa = PBXFileReference; fileEncoding = 4; lastKnownFileType = sourcecode.c.h; path = ITCSerializableObject.h; sourceTree = "<group>"; };
		97290802199B027F00F568A5 /* ITCSerializableObject.m */ = {isa = PBXFileReference; fileEncoding = 4; lastKnownFileType = sourcecode.c.objc; path = ITCSerializableObject.m; sourceTree = "<group>"; };
		97290804199B057D00F568A5 /* ITCObjectSerializer.h */ = {isa = PBXFileReference; fileEncoding = 4; lastKnownFileType = sourcecode.c.h; path = ITCObjectSerializer.h; sourceTree = "<group>"; };
		97290805199B07A700F568A5 /* ITCTeamCowboyEntitySerializer.h */ = {isa = PBXFileReference; fileEncoding = 4; lastKnownFileType = sourcecode.c.h; path = ITCTeamCowboyEntitySerializer.h; sourceTree = "<group>"; };
		97290806199B07A700F568A5 /* ITCTeamCowboyEntitySerializer.m */ = {isa = PBXFileReference; fileEncoding = 4; lastKnownFileType = sourcecode.c.objc; path = ITCTeamCowboyEntitySerializer.m; sourceTree = "<group>"; };
		97290808199B0B2300F568A5 /* ITCTeamCowboyServiceImp.h */ = {isa = PBXFileReference; fileEncoding = 4; lastKnownFileType = sourcecode.c.h; path = ITCTeamCowboyServiceImp.h; sourceTree = "<group>"; };
		97290809199B0B2300F568A5 /* ITCTeamCowboyServiceImp.m */ = {isa = PBXFileReference; fileEncoding = 4; lastKnownFileType = sourcecode.c.objc; path = ITCTeamCowboyServiceImp.m; sourceTree = "<group>"; };
		9729080F199BC7CC00F568A5 /* NSString+URL.h */ = {isa = PBXFileReference; fileEncoding = 4; lastKnownFileType = sourcecode.c.h; path = "NSString+URL.h"; sourceTree = "<group>"; };
		97290810199BC7CC00F568A5 /* NSString+URL.m */ = {isa = PBXFileReference; fileEncoding = 4; lastKnownFileType = sourcecode.c.objc; path = "NSString+URL.m"; sourceTree = "<group>"; };
		97290819199C674400F568A5 /* ITCTeamCowboyApiKeys.h */ = {isa = PBXFileReference; lastKnownFileType = sourcecode.c.h; path = ITCTeamCowboyApiKeys.h; sourceTree = "<group>"; };
		9729081A199C677400F568A5 /* ITCTeamCowboyApiKeys.m */ = {isa = PBXFileReference; fileEncoding = 4; lastKnownFileType = sourcecode.c.objc; path = ITCTeamCowboyApiKeys.m; sourceTree = "<group>"; };
		978C72C419B2AA9B003C817F /* ITCSerializableObjectTests.m */ = {isa = PBXFileReference; fileEncoding = 4; lastKnownFileType = sourcecode.c.objc; path = ITCSerializableObjectTests.m; sourceTree = "<group>"; };
		978C72C619B3D955003C817F /* NSArray+Common.h */ = {isa = PBXFileReference; fileEncoding = 4; lastKnownFileType = sourcecode.c.h; path = "NSArray+Common.h"; sourceTree = "<group>"; };
		978C72C719B3D955003C817F /* NSArray+Common.m */ = {isa = PBXFileReference; fileEncoding = 4; lastKnownFileType = sourcecode.c.objc; path = "NSArray+Common.m"; sourceTree = "<group>"; };
		978C72C919B3E2F0003C817F /* ITCEventsTableViewDataSource.h */ = {isa = PBXFileReference; fileEncoding = 4; lastKnownFileType = sourcecode.c.h; path = ITCEventsTableViewDataSource.h; sourceTree = "<group>"; };
		978C72CA19B3E2F0003C817F /* ITCEventsTableViewDataSource.m */ = {isa = PBXFileReference; fileEncoding = 4; lastKnownFileType = sourcecode.c.objc; path = ITCEventsTableViewDataSource.m; sourceTree = "<group>"; };
		978C72CF19B3F25B003C817F /* ITCEventAttendanceList.h */ = {isa = PBXFileReference; fileEncoding = 4; lastKnownFileType = sourcecode.c.h; path = ITCEventAttendanceList.h; sourceTree = "<group>"; };
		978C72D019B3F25B003C817F /* ITCEventAttendanceList.m */ = {isa = PBXFileReference; fileEncoding = 4; lastKnownFileType = sourcecode.c.objc; path = ITCEventAttendanceList.m; sourceTree = "<group>"; };
		97A069891997F90A0094556D /* TeamCowboy-iPhone.app */ = {isa = PBXFileReference; explicitFileType = wrapper.application; includeInIndex = 0; path = "TeamCowboy-iPhone.app"; sourceTree = BUILT_PRODUCTS_DIR; };
		97A0698D1997F90A0094556D /* Info.plist */ = {isa = PBXFileReference; lastKnownFileType = text.plist.xml; path = Info.plist; sourceTree = "<group>"; };
		97A0698E1997F90A0094556D /* main.m */ = {isa = PBXFileReference; lastKnownFileType = sourcecode.c.objc; path = main.m; sourceTree = "<group>"; };
		97A069991997F90A0094556D /* Images.xcassets */ = {isa = PBXFileReference; lastKnownFileType = folder.assetcatalog; path = Images.xcassets; sourceTree = "<group>"; };
		97A0699F1997F90A0094556D /* TeamCowboy-iPhoneTests.xctest */ = {isa = PBXFileReference; explicitFileType = wrapper.cfbundle; includeInIndex = 0; path = "TeamCowboy-iPhoneTests.xctest"; sourceTree = BUILT_PRODUCTS_DIR; };
		97A069A41997F90A0094556D /* Info.plist */ = {isa = PBXFileReference; lastKnownFileType = text.plist.xml; path = Info.plist; sourceTree = "<group>"; };
		97A069B01997FAB60094556D /* ITCAppDelegate.h */ = {isa = PBXFileReference; fileEncoding = 4; lastKnownFileType = sourcecode.c.h; path = ITCAppDelegate.h; sourceTree = "<group>"; };
		97A069B11997FAB60094556D /* ITCAppDelegate.m */ = {isa = PBXFileReference; fileEncoding = 4; lastKnownFileType = sourcecode.c.objc; path = ITCAppDelegate.m; sourceTree = "<group>"; };
		97A069B4199803120094556D /* ITCLoginViewController.h */ = {isa = PBXFileReference; fileEncoding = 4; lastKnownFileType = sourcecode.c.h; path = ITCLoginViewController.h; sourceTree = "<group>"; };
		97A069B5199803120094556D /* ITCLoginViewController.m */ = {isa = PBXFileReference; fileEncoding = 4; lastKnownFileType = sourcecode.c.objc; path = ITCLoginViewController.m; sourceTree = "<group>"; };
		97A069B91998046A0094556D /* Login.storyboard */ = {isa = PBXFileReference; fileEncoding = 4; lastKnownFileType = file.storyboard; path = Login.storyboard; sourceTree = "<group>"; };
		97A069C0199885080094556D /* UIViewController+Common.h */ = {isa = PBXFileReference; fileEncoding = 4; lastKnownFileType = sourcecode.c.h; path = "UIViewController+Common.h"; sourceTree = "<group>"; };
		97A069C1199885080094556D /* UIViewController+Common.m */ = {isa = PBXFileReference; fileEncoding = 4; lastKnownFileType = sourcecode.c.objc; path = "UIViewController+Common.m"; sourceTree = "<group>"; };
		97A069C3199889410094556D /* NSString+Common.h */ = {isa = PBXFileReference; fileEncoding = 4; lastKnownFileType = sourcecode.c.h; path = "NSString+Common.h"; sourceTree = "<group>"; };
		97A069C4199889410094556D /* NSString+Common.m */ = {isa = PBXFileReference; fileEncoding = 4; lastKnownFileType = sourcecode.c.objc; path = "NSString+Common.m"; sourceTree = "<group>"; };
		97A069C619988EBE0094556D /* ITCAppFactory.h */ = {isa = PBXFileReference; fileEncoding = 4; lastKnownFileType = sourcecode.c.h; path = ITCAppFactory.h; sourceTree = "<group>"; };
		97A069C719988EBE0094556D /* ITCAppFactory.m */ = {isa = PBXFileReference; fileEncoding = 4; lastKnownFileType = sourcecode.c.objc; path = ITCAppFactory.m; sourceTree = "<group>"; };
		97A069CF1999AAB30094556D /* ITCAuthenticationProvider.h */ = {isa = PBXFileReference; fileEncoding = 4; lastKnownFileType = sourcecode.c.h; path = ITCAuthenticationProvider.h; sourceTree = "<group>"; };
		97A069D01999AE510094556D /* ITCAuthenticationProviderImp.h */ = {isa = PBXFileReference; fileEncoding = 4; lastKnownFileType = sourcecode.c.h; path = ITCAuthenticationProviderImp.h; sourceTree = "<group>"; };
		97A069D11999AE510094556D /* ITCAuthenticationProviderImp.m */ = {isa = PBXFileReference; fileEncoding = 4; lastKnownFileType = sourcecode.c.objc; path = ITCAuthenticationProviderImp.m; sourceTree = "<group>"; };
		97A069D31999B3360094556D /* NSObject+Concurrency.h */ = {isa = PBXFileReference; fileEncoding = 4; lastKnownFileType = sourcecode.c.h; path = "NSObject+Concurrency.h"; sourceTree = "<group>"; };
		97A069D41999B3360094556D /* NSObject+Concurrency.m */ = {isa = PBXFileReference; fileEncoding = 4; lastKnownFileType = sourcecode.c.objc; path = "NSObject+Concurrency.m"; sourceTree = "<group>"; };
		97C4F62219AA9A4300E69FCB /* ITCEvent.h */ = {isa = PBXFileReference; fileEncoding = 4; lastKnownFileType = sourcecode.c.h; path = ITCEvent.h; sourceTree = "<group>"; };
		97C4F62319AA9A4300E69FCB /* ITCEvent.m */ = {isa = PBXFileReference; fileEncoding = 4; lastKnownFileType = sourcecode.c.objc; path = ITCEvent.m; sourceTree = "<group>"; };
		97C4F62519B003FB00E69FCB /* ITCEventsTableViewController.h */ = {isa = PBXFileReference; fileEncoding = 4; lastKnownFileType = sourcecode.c.h; path = ITCEventsTableViewController.h; sourceTree = "<group>"; };
		97C4F62619B003FB00E69FCB /* ITCEventsTableViewController.m */ = {isa = PBXFileReference; fileEncoding = 4; lastKnownFileType = sourcecode.c.objc; path = ITCEventsTableViewController.m; sourceTree = "<group>"; };
		97C4F62819B0056F00E69FCB /* ITCEventTableViewCell.h */ = {isa = PBXFileReference; fileEncoding = 4; lastKnownFileType = sourcecode.c.h; path = ITCEventTableViewCell.h; sourceTree = "<group>"; };
		97C4F62919B0056F00E69FCB /* ITCEventTableViewCell.m */ = {isa = PBXFileReference; fileEncoding = 4; lastKnownFileType = sourcecode.c.objc; path = ITCEventTableViewCell.m; sourceTree = "<group>"; };
		97C4F62B19B150F800E69FCB /* ITCEventRsvp.h */ = {isa = PBXFileReference; fileEncoding = 4; lastKnownFileType = sourcecode.c.h; path = ITCEventRsvp.h; sourceTree = "<group>"; };
		97C4F62C19B150F800E69FCB /* ITCEventRsvp.m */ = {isa = PBXFileReference; fileEncoding = 4; lastKnownFileType = sourcecode.c.objc; path = ITCEventRsvp.m; sourceTree = "<group>"; };
/* End PBXFileReference section */

/* Begin PBXFrameworksBuildPhase section */
		97A069861997F90A0094556D /* Frameworks */ = {
			isa = PBXFrameworksBuildPhase;
			buildActionMask = 2147483647;
			files = (
			);
			runOnlyForDeploymentPostprocessing = 0;
		};
		97A0699C1997F90A0094556D /* Frameworks */ = {
			isa = PBXFrameworksBuildPhase;
			buildActionMask = 2147483647;
			files = (
			);
			runOnlyForDeploymentPostprocessing = 0;
		};
/* End PBXFrameworksBuildPhase section */

/* Begin PBXGroup section */
		971104F5199D66D100C2EF5C /* Diagnostic */ = {
			isa = PBXGroup;
			children = (
				971104F6199D670900C2EF5C /* ITCDiagnosticsMacros.h */,
			);
			name = Diagnostic;
			sourceTree = "<group>";
		};
		971104FA199D799D00C2EF5C /* HTTP */ = {
			isa = PBXGroup;
			children = (
				971104FB199D79EC00C2EF5C /* ITCHttpConnection.h */,
				971104FC199D7B4900C2EF5C /* ITCHttpConnectionImp.h */,
				971104FD199D7B4900C2EF5C /* ITCHttpConnectionImp.m */,
				971104FF199D7E4100C2EF5C /* ITCHttpConnectionMock.h */,
				97110500199D7E4100C2EF5C /* ITCHttpConnectionMock.m */,
			);
			name = HTTP;
			sourceTree = "<group>";
		};
		97110508199D820400C2EF5C /* Mock HTTP */ = {
			isa = PBXGroup;
			children = (
				97110505199D817D00C2EF5C /* ITCHttpConnectionDelegate.h */,
				97110506199D817D00C2EF5C /* ITCHttpConnectionDelegate.m */,
				97110509199D839C00C2EF5C /* ITCAuthenticationRequestHandler.h */,
				9711050A199D839C00C2EF5C /* ITCAuthenticationRequestHandler.m */,
				9711050C199D86E400C2EF5C /* ITCTeamCowboyHttpDataGenerator.h */,
				9711050D199D86E400C2EF5C /* ITCTeamCowboyHttpDataGenerator.m */,
			);
			name = "Mock HTTP";
			sourceTree = "<group>";
		};
		97110516199EE8C000C2EF5C /* Teams */ = {
			isa = PBXGroup;
			children = (
				97110527199EF0AD00C2EF5C /* Resources */,
				9711055B19A2DB6D00C2EF5C /* ITCTeamsTableViewController.h */,
				9711055C19A2DB6D00C2EF5C /* ITCTeamsTableViewController.m */,
				9711056319A43D6E00C2EF5C /* ITCTeamTableViewCell.h */,
				9711056419A43D6E00C2EF5C /* ITCTeamTableViewCell.m */,
			);
			name = Teams;
			sourceTree = "<group>";
		};
		97110519199EE8F200C2EF5C /* Events */ = {
			isa = PBXGroup;
			children = (
				97110526199EF0A100C2EF5C /* Resources */,
				97C4F62519B003FB00E69FCB /* ITCEventsTableViewController.h */,
				97C4F62619B003FB00E69FCB /* ITCEventsTableViewController.m */,
				97C4F62819B0056F00E69FCB /* ITCEventTableViewCell.h */,
				97C4F62919B0056F00E69FCB /* ITCEventTableViewCell.m */,
				978C72C919B3E2F0003C817F /* ITCEventsTableViewDataSource.h */,
				978C72CA19B3E2F0003C817F /* ITCEventsTableViewDataSource.m */,
			);
			name = Events;
			sourceTree = "<group>";
		};
		97110526199EF0A100C2EF5C /* Resources */ = {
			isa = PBXGroup;
			children = (
				9711051F199EECC100C2EF5C /* tabBar_events.png */,
				9711051E199EECC100C2EF5C /* tabBar_events@2x.png */,
				9711051A199EE90500C2EF5C /* Events.storyboard */,
			);
			name = Resources;
			sourceTree = "<group>";
		};
		97110527199EF0AD00C2EF5C /* Resources */ = {
			isa = PBXGroup;
			children = (
				97110523199EEEA300C2EF5C /* tabBar_teams.png */,
				97110522199EEEA300C2EF5C /* tabBar_teams@2x.png */,
				97110517199EE8E900C2EF5C /* Teams.storyboard */,
			);
			name = Resources;
			sourceTree = "<group>";
		};
		9711052E199EFC0200C2EF5C /* Messages */ = {
			isa = PBXGroup;
			children = (
				9711052F199EFC0C00C2EF5C /* Resources */,
			);
			name = Messages;
			sourceTree = "<group>";
		};
		9711052F199EFC0C00C2EF5C /* Resources */ = {
			isa = PBXGroup;
			children = (
				97110531199EFCA200C2EF5C /* tabBar_messages.png */,
				97110530199EFCA200C2EF5C /* tabBar_messages@2x.png */,
				97110534199EFD4A00C2EF5C /* Messages.storyboard */,
			);
			name = Resources;
			sourceTree = "<group>";
		};
		97110536199F324600C2EF5C /* More */ = {
			isa = PBXGroup;
			children = (
				9711054819A0860600C2EF5C /* ITCButtonTableViewCell.h */,
				9711054919A0860600C2EF5C /* ITCButtonTableViewCell.m */,
				97110537199F327600C2EF5C /* More.storyboard */,
				97110539199FCF8E00C2EF5C /* ITCMoreTableViewController.h */,
				9711053A199FCF8E00C2EF5C /* ITCMoreTableViewController.m */,
			);
			name = More;
			sourceTree = "<group>";
		};
		9711054019A06EE900C2EF5C /* File */ = {
			isa = PBXGroup;
			children = (
				9711053C19A0698F00C2EF5C /* ITCFileService.h */,
				9711053D19A06A0800C2EF5C /* ITCFileServiceImp.h */,
				9711053E19A06A0800C2EF5C /* ITCFileServiceImp.m */,
			);
			name = File;
			sourceTree = "<group>";
		};
		9711054119A06F0400C2EF5C /* Controller Services */ = {
			isa = PBXGroup;
			children = (
				971104F7199D6D6700C2EF5C /* ITCAlertingService.h */,
				971104F8199D6D6700C2EF5C /* ITCAlertingService.m */,
				9711052B199EF43400C2EF5C /* ITCResourceService.h */,
				9711052C199EF43400C2EF5C /* ITCResourceService.m */,
			);
			name = "Controller Services";
			sourceTree = "<group>";
		};
		9711055F19A312C600C2EF5C /* Entities */ = {
			isa = PBXGroup;
			children = (
				9711056019A312E800C2EF5C /* ITCActivity.h */,
				9711056119A312E800C2EF5C /* ITCActivity.m */,
				97C4F62219AA9A4300E69FCB /* ITCEvent.h */,
				97C4F62319AA9A4300E69FCB /* ITCEvent.m */,
				978C72CF19B3F25B003C817F /* ITCEventAttendanceList.h */,
				978C72D019B3F25B003C817F /* ITCEventAttendanceList.m */,
				97C4F62B19B150F800E69FCB /* ITCEventRsvp.h */,
				97C4F62C19B150F800E69FCB /* ITCEventRsvp.m */,
				9711055519A1876C00C2EF5C /* ITCTeam.h */,
				9711055619A1876C00C2EF5C /* ITCTeam.m */,
				9711054F19A16F2500C2EF5C /* ITCUser.h */,
				9711055019A16F2500C2EF5C /* ITCUser.m */,
			);
			name = Entities;
			sourceTree = "<group>";
		};
		972907F61999C1B200F568A5 /* Service */ = {
			isa = PBXGroup;
			children = (
				972907F81999C26F00F568A5 /* ITCTeamCowboyService.h */,
				97290808199B0B2300F568A5 /* ITCTeamCowboyServiceImp.h */,
				97290809199B0B2300F568A5 /* ITCTeamCowboyServiceImp.m */,
			);
			name = Service;
			sourceTree = "<group>";
		};
		972907F71999C1C400F568A5 /* Foundation */ = {
			isa = PBXGroup;
			children = (
				978C72C619B3D955003C817F /* NSArray+Common.h */,
				978C72C719B3D955003C817F /* NSArray+Common.m */,
				9711055219A1794E00C2EF5C /* NSDictionary+Common.h */,
				9711055319A1794E00C2EF5C /* NSDictionary+Common.m */,
				97110513199DB08600C2EF5C /* NSDictionary+URL.h */,
				97110514199DB08600C2EF5C /* NSDictionary+URL.m */,
				97A069C3199889410094556D /* NSString+Common.h */,
				97A069C4199889410094556D /* NSString+Common.m */,
				9729080F199BC7CC00F568A5 /* NSString+URL.h */,
				97290810199BC7CC00F568A5 /* NSString+URL.m */,
				97A069D31999B3360094556D /* NSObject+Concurrency.h */,
				97A069D41999B3360094556D /* NSObject+Concurrency.m */,
			);
			name = Foundation;
			sourceTree = "<group>";
		};
		972907F91999C63800F568A5 /* Error */ = {
			isa = PBXGroup;
			children = (
				972907FA1999C67B00F568A5 /* ITCError.h */,
				971104F2199D5BED00C2EF5C /* ITCTeamCowboyError.h */,
				971104F3199D5BED00C2EF5C /* ITCTeamCowboyError.m */,
				972907FB1999C7A200F568A5 /* NSError+Common.h */,
				972907FC1999C7A200F568A5 /* NSError+Common.m */,
			);
			name = Error;
			sourceTree = "<group>";
		};
		9729080B199B0B3E00F568A5 /* Serialization */ = {
			isa = PBXGroup;
			children = (
				97290804199B057D00F568A5 /* ITCObjectSerializer.h */,
				97290801199B027F00F568A5 /* ITCSerializableObject.h */,
				97290802199B027F00F568A5 /* ITCSerializableObject.m */,
				97290805199B07A700F568A5 /* ITCTeamCowboyEntitySerializer.h */,
				97290806199B07A700F568A5 /* ITCTeamCowboyEntitySerializer.m */,
			);
			name = Serialization;
			sourceTree = "<group>";
		};
		97A069801997F90A0094556D = {
			isa = PBXGroup;
			children = (
				97A0698B1997F90A0094556D /* TeamCowboy-iPhone */,
				97A069A21997F90A0094556D /* TeamCowboy-iPhoneTests */,
				97A0698A1997F90A0094556D /* Products */,
			);
			sourceTree = "<group>";
		};
		97A0698A1997F90A0094556D /* Products */ = {
			isa = PBXGroup;
			children = (
				97A069891997F90A0094556D /* TeamCowboy-iPhone.app */,
				97A0699F1997F90A0094556D /* TeamCowboy-iPhoneTests.xctest */,
			);
			name = Products;
			sourceTree = "<group>";
		};
		97A0698B1997F90A0094556D /* TeamCowboy-iPhone */ = {
			isa = PBXGroup;
			children = (
				97A069AF1997FA320094556D /* App */,
				97A069B3199802E30094556D /* Authentication */,
				97A069BB199883AC0094556D /* Common */,
				97110519199EE8F200C2EF5C /* Events */,
				97110516199EE8C000C2EF5C /* Teams */,
				9711052E199EFC0200C2EF5C /* Messages */,
				97110536199F324600C2EF5C /* More */,
				97A069991997F90A0094556D /* Images.xcassets */,
			);
			path = "TeamCowboy-iPhone";
			sourceTree = "<group>";
		};
		97A069A21997F90A0094556D /* TeamCowboy-iPhoneTests */ = {
			isa = PBXGroup;
			children = (
				97110508199D820400C2EF5C /* Mock HTTP */,
				97A069A31997F90A0094556D /* Supporting Files */,
				97110503199D815700C2EF5C /* ITCAuthenticationProviderTests.m */,
				9711050F199D89D200C2EF5C /* ITCTestCase.h */,
				97110510199D89D200C2EF5C /* ITCTestCase.m */,
				978C72C419B2AA9B003C817F /* ITCSerializableObjectTests.m */,
			);
			path = "TeamCowboy-iPhoneTests";
			sourceTree = "<group>";
		};
		97A069A31997F90A0094556D /* Supporting Files */ = {
			isa = PBXGroup;
			children = (
				97A069A41997F90A0094556D /* Info.plist */,
			);
			name = "Supporting Files";
			sourceTree = "<group>";
		};
		97A069AF1997FA320094556D /* App */ = {
			isa = PBXGroup;
			children = (
				97A0698D1997F90A0094556D /* Info.plist */,
				97A0698E1997F90A0094556D /* main.m */,
				97A069B01997FAB60094556D /* ITCAppDelegate.h */,
				97A069B11997FAB60094556D /* ITCAppDelegate.m */,
				97A069C619988EBE0094556D /* ITCAppFactory.h */,
				97A069C719988EBE0094556D /* ITCAppFactory.m */,
				97110528199EF29400C2EF5C /* ITCAppTabBarController.h */,
				97110529199EF29400C2EF5C /* ITCAppTabBarController.m */,
				9711055E19A2DD2900C2EF5C /* ITCAppTabBarItem.h */,
				97290819199C674400F568A5 /* ITCTeamCowboyApiKeys.h */,
				9729081A199C677400F568A5 /* ITCTeamCowboyApiKeys.m */,
				972907F51999B96E00F568A5 /* Prefix.pch */,
			);
			name = App;
			sourceTree = "<group>";
		};
		97A069B3199802E30094556D /* Authentication */ = {
			isa = PBXGroup;
			children = (
				972907FE199AFF0A00F568A5 /* ITCAuthenticationContext.h */,
				972907FF199AFF0A00F568A5 /* ITCAuthenticationContext.m */,
				97A069CF1999AAB30094556D /* ITCAuthenticationProvider.h */,
				97A069D01999AE510094556D /* ITCAuthenticationProviderImp.h */,
				97A069D11999AE510094556D /* ITCAuthenticationProviderImp.m */,
				97A069B4199803120094556D /* ITCLoginViewController.h */,
				97A069B5199803120094556D /* ITCLoginViewController.m */,
				97A069B91998046A0094556D /* Login.storyboard */,
			);
			name = Authentication;
			sourceTree = "<group>";
		};
		97A069BB199883AC0094556D /* Common */ = {
			isa = PBXGroup;
			children = (
				9711054119A06F0400C2EF5C /* Controller Services */,
				971104F5199D66D100C2EF5C /* Diagnostic */,
				9711055F19A312C600C2EF5C /* Entities */,
				972907F91999C63800F568A5 /* Error */,
				9711054019A06EE900C2EF5C /* File */,
				972907F71999C1C400F568A5 /* Foundation */,
				971104FA199D799D00C2EF5C /* HTTP */,
				9729080B199B0B3E00F568A5 /* Serialization */,
				972907F61999C1B200F568A5 /* Service */,
				97A069BF199884F00094556D /* UIKit */,
				9711054519A06FDC00C2EF5C /* ITCCache.h */,
				9711054619A06FDC00C2EF5C /* ITCCache.m */,
				9711055819A189E500C2EF5C /* ITCTeamCowboyRepository.h */,
				9711055919A189E500C2EF5C /* ITCTeamCowboyRepository.m */,
			);
			name = Common;
			sourceTree = "<group>";
		};
		97A069BF199884F00094556D /* UIKit */ = {
			isa = PBXGroup;
			children = (
				97A069C0199885080094556D /* UIViewController+Common.h */,
				97A069C1199885080094556D /* UIViewController+Common.m */,
			);
			name = UIKit;
			sourceTree = "<group>";
		};
/* End PBXGroup section */

/* Begin PBXNativeTarget section */
		97A069881997F90A0094556D /* TeamCowboy-iPhone */ = {
			isa = PBXNativeTarget;
			buildConfigurationList = 97A069A91997F90A0094556D /* Build configuration list for PBXNativeTarget "TeamCowboy-iPhone" */;
			buildPhases = (
				97A069851997F90A0094556D /* Sources */,
				97A069861997F90A0094556D /* Frameworks */,
				97A069871997F90A0094556D /* Resources */,
			);
			buildRules = (
			);
			dependencies = (
			);
			name = "TeamCowboy-iPhone";
			productName = "TeamCowboy-iPhone";
			productReference = 97A069891997F90A0094556D /* TeamCowboy-iPhone.app */;
			productType = "com.apple.product-type.application";
		};
		97A0699E1997F90A0094556D /* TeamCowboy-iPhoneTests */ = {
			isa = PBXNativeTarget;
			buildConfigurationList = 97A069AC1997F90A0094556D /* Build configuration list for PBXNativeTarget "TeamCowboy-iPhoneTests" */;
			buildPhases = (
				97A0699B1997F90A0094556D /* Sources */,
				97A0699C1997F90A0094556D /* Frameworks */,
				97A0699D1997F90A0094556D /* Resources */,
			);
			buildRules = (
			);
			dependencies = (
				97A069A11997F90A0094556D /* PBXTargetDependency */,
			);
			name = "TeamCowboy-iPhoneTests";
			productName = "TeamCowboy-iPhoneTests";
			productReference = 97A0699F1997F90A0094556D /* TeamCowboy-iPhoneTests.xctest */;
			productType = "com.apple.product-type.bundle.unit-test";
		};
/* End PBXNativeTarget section */

/* Begin PBXProject section */
		97A069811997F90A0094556D /* Project object */ = {
			isa = PBXProject;
			attributes = {
				LastUpgradeCheck = 0600;
				ORGANIZATIONNAME = "Nick Ciaravella";
				TargetAttributes = {
					97A069881997F90A0094556D = {
						CreatedOnToolsVersion = 6.0;
					};
					97A0699E1997F90A0094556D = {
						CreatedOnToolsVersion = 6.0;
						TestTargetID = 97A069881997F90A0094556D;
					};
				};
			};
			buildConfigurationList = 97A069841997F90A0094556D /* Build configuration list for PBXProject "TeamCowboy-iPhone" */;
			compatibilityVersion = "Xcode 3.2";
			developmentRegion = English;
			hasScannedForEncodings = 0;
			knownRegions = (
				en,
				Base,
			);
			mainGroup = 97A069801997F90A0094556D;
			productRefGroup = 97A0698A1997F90A0094556D /* Products */;
			projectDirPath = "";
			projectRoot = "";
			targets = (
				97A069881997F90A0094556D /* TeamCowboy-iPhone */,
				97A0699E1997F90A0094556D /* TeamCowboy-iPhoneTests */,
			);
		};
/* End PBXProject section */

/* Begin PBXResourcesBuildPhase section */
		97A069871997F90A0094556D /* Resources */ = {
			isa = PBXResourcesBuildPhase;
			buildActionMask = 2147483647;
			files = (
				97110525199EEEA300C2EF5C /* tabBar_teams.png in Resources */,
				97110538199F327600C2EF5C /* More.storyboard in Resources */,
				97110521199EECC100C2EF5C /* tabBar_events.png in Resources */,
				97110518199EE8E900C2EF5C /* Teams.storyboard in Resources */,
				9711051B199EE90500C2EF5C /* Events.storyboard in Resources */,
				97110524199EEEA300C2EF5C /* tabBar_teams@2x.png in Resources */,
				97110533199EFCA200C2EF5C /* tabBar_messages.png in Resources */,
				97A0699A1997F90A0094556D /* Images.xcassets in Resources */,
				97A069BA1998046A0094556D /* Login.storyboard in Resources */,
				97110520199EECC100C2EF5C /* tabBar_events@2x.png in Resources */,
				97110532199EFCA200C2EF5C /* tabBar_messages@2x.png in Resources */,
				97110535199EFD4A00C2EF5C /* Messages.storyboard in Resources */,
			);
			runOnlyForDeploymentPostprocessing = 0;
		};
		97A0699D1997F90A0094556D /* Resources */ = {
			isa = PBXResourcesBuildPhase;
			buildActionMask = 2147483647;
			files = (
			);
			runOnlyForDeploymentPostprocessing = 0;
		};
/* End PBXResourcesBuildPhase section */

/* Begin PBXSourcesBuildPhase section */
		97A069851997F90A0094556D /* Sources */ = {
			isa = PBXSourcesBuildPhase;
			buildActionMask = 2147483647;
			files = (
				97A0698F1997F90A0094556D /* main.m in Sources */,
				9729081B199C677400F568A5 /* ITCTeamCowboyApiKeys.m in Sources */,
				97C4F62719B003FB00E69FCB /* ITCEventsTableViewController.m in Sources */,
				9711055A19A189E500C2EF5C /* ITCTeamCowboyRepository.m in Sources */,
				978C72CB19B3E2F0003C817F /* ITCEventsTableViewDataSource.m in Sources */,
				97110502199D80B400C2EF5C /* ITCHttpConnectionMock.m in Sources */,
				9711055419A1794E00C2EF5C /* NSDictionary+Common.m in Sources */,
				97A069C2199885080094556D /* UIViewController+Common.m in Sources */,
				978C72D119B3F25B003C817F /* ITCEventAttendanceList.m in Sources */,
				9711056519A43D6E00C2EF5C /* ITCTeamTableViewCell.m in Sources */,
				97C4F62D19B150F800E69FCB /* ITCEventRsvp.m in Sources */,
				9711055119A16F2500C2EF5C /* ITCUser.m in Sources */,
				971104FE199D7B4900C2EF5C /* ITCHttpConnectionImp.m in Sources */,
				9711053F19A06A0800C2EF5C /* ITCFileServiceImp.m in Sources */,
				9711054A19A0860600C2EF5C /* ITCButtonTableViewCell.m in Sources */,
				9711055D19A2DB6D00C2EF5C /* ITCTeamsTableViewController.m in Sources */,
				971104F4199D5BED00C2EF5C /* ITCTeamCowboyError.m in Sources */,
				9711052D199EF43400C2EF5C /* ITCResourceService.m in Sources */,
				97290800199AFF0A00F568A5 /* ITCAuthenticationContext.m in Sources */,
				97C4F62419AA9A4300E69FCB /* ITCEvent.m in Sources */,
				97A069B6199803120094556D /* ITCLoginViewController.m in Sources */,
				9729080A199B0B2300F568A5 /* ITCTeamCowboyServiceImp.m in Sources */,
				9711052A199EF29400C2EF5C /* ITCAppTabBarController.m in Sources */,
				97A069D21999AE510094556D /* ITCAuthenticationProviderImp.m in Sources */,
				97A069B21997FAB60094556D /* ITCAppDelegate.m in Sources */,
				978C72C819B3D955003C817F /* NSArray+Common.m in Sources */,
				9711055719A1876C00C2EF5C /* ITCTeam.m in Sources */,
				97290811199BC7CC00F568A5 /* NSString+URL.m in Sources */,
				9711056219A312E800C2EF5C /* ITCActivity.m in Sources */,
				972907FD1999C7A200F568A5 /* NSError+Common.m in Sources */,
				97290807199B07A700F568A5 /* ITCTeamCowboyEntitySerializer.m in Sources */,
				97A069C5199889410094556D /* NSString+Common.m in Sources */,
				9711053B199FCF8E00C2EF5C /* ITCMoreTableViewController.m in Sources */,
				97290803199B027F00F568A5 /* ITCSerializableObject.m in Sources */,
				971104F9199D6D6700C2EF5C /* ITCAlertingService.m in Sources */,
				97C4F62A19B0056F00E69FCB /* ITCEventTableViewCell.m in Sources */,
				9711054719A06FDC00C2EF5C /* ITCCache.m in Sources */,
				97A069C819988EBE0094556D /* ITCAppFactory.m in Sources */,
				97110515199DB08600C2EF5C /* NSDictionary+URL.m in Sources */,
				97A069D51999B3360094556D /* NSObject+Concurrency.m in Sources */,
			);
			runOnlyForDeploymentPostprocessing = 0;
		};
		97A0699B1997F90A0094556D /* Sources */ = {
			isa = PBXSourcesBuildPhase;
			buildActionMask = 2147483647;
			files = (
				97110504199D815700C2EF5C /* ITCAuthenticationProviderTests.m in Sources */,
				9711050B199D839C00C2EF5C /* ITCAuthenticationRequestHandler.m in Sources */,
				97110507199D817D00C2EF5C /* ITCHttpConnectionDelegate.m in Sources */,
				97110501199D7E4100C2EF5C /* ITCHttpConnectionMock.m in Sources */,
				97110511199D89D200C2EF5C /* ITCTestCase.m in Sources */,
				978C72C519B2AA9B003C817F /* ITCSerializableObjectTests.m in Sources */,
				9711050E199D86E400C2EF5C /* ITCTeamCowboyHttpDataGenerator.m in Sources */,
			);
			runOnlyForDeploymentPostprocessing = 0;
		};
/* End PBXSourcesBuildPhase section */

/* Begin PBXTargetDependency section */
		97A069A11997F90A0094556D /* PBXTargetDependency */ = {
			isa = PBXTargetDependency;
			target = 97A069881997F90A0094556D /* TeamCowboy-iPhone */;
			targetProxy = 97A069A01997F90A0094556D /* PBXContainerItemProxy */;
		};
/* End PBXTargetDependency section */

/* Begin XCBuildConfiguration section */
		97A069A71997F90A0094556D /* Debug */ = {
			isa = XCBuildConfiguration;
			buildSettings = {
				ALWAYS_SEARCH_USER_PATHS = NO;
				CLANG_CXX_LANGUAGE_STANDARD = "gnu++0x";
				CLANG_CXX_LIBRARY = "libc++";
				CLANG_ENABLE_MODULES = YES;
				CLANG_ENABLE_OBJC_ARC = YES;
				CLANG_WARN_BOOL_CONVERSION = YES;
				CLANG_WARN_CONSTANT_CONVERSION = YES;
				CLANG_WARN_DIRECT_OBJC_ISA_USAGE = YES_ERROR;
				CLANG_WARN_EMPTY_BODY = YES;
				CLANG_WARN_ENUM_CONVERSION = YES;
				CLANG_WARN_INT_CONVERSION = YES;
				CLANG_WARN_OBJC_ROOT_CLASS = YES_ERROR;
				CLANG_WARN_UNREACHABLE_CODE = YES;
				CLANG_WARN__DUPLICATE_METHOD_MATCH = YES;
				"CODE_SIGN_IDENTITY[sdk=iphoneos*]" = "iPhone Developer";
				COPY_PHASE_STRIP = NO;
				ENABLE_STRICT_OBJC_MSGSEND = YES;
				GCC_C_LANGUAGE_STANDARD = gnu99;
				GCC_DYNAMIC_NO_PIC = NO;
				GCC_OPTIMIZATION_LEVEL = 0;
				GCC_PRECOMPILE_PREFIX_HEADER = YES;
				GCC_PREFIX_HEADER = "TeamCowboy-iPhone/Prefix.pch";
				GCC_PREPROCESSOR_DEFINITIONS = (
					"DEBUG=1",
					"$(inherited)",
				);
				GCC_SYMBOLS_PRIVATE_EXTERN = NO;
				GCC_WARN_64_TO_32_BIT_CONVERSION = YES;
				GCC_WARN_ABOUT_RETURN_TYPE = YES_ERROR;
				GCC_WARN_UNDECLARED_SELECTOR = YES;
				GCC_WARN_UNINITIALIZED_AUTOS = YES_AGGRESSIVE;
				GCC_WARN_UNUSED_FUNCTION = YES;
				GCC_WARN_UNUSED_VARIABLE = YES;
				IPHONEOS_DEPLOYMENT_TARGET = 8.0;
				MTL_ENABLE_DEBUG_INFO = YES;
				ONLY_ACTIVE_ARCH = YES;
				SDKROOT = iphoneos;
			};
			name = Debug;
		};
		97A069A81997F90A0094556D /* Release */ = {
			isa = XCBuildConfiguration;
			buildSettings = {
				ALWAYS_SEARCH_USER_PATHS = NO;
				CLANG_CXX_LANGUAGE_STANDARD = "gnu++0x";
				CLANG_CXX_LIBRARY = "libc++";
				CLANG_ENABLE_MODULES = YES;
				CLANG_ENABLE_OBJC_ARC = YES;
				CLANG_WARN_BOOL_CONVERSION = YES;
				CLANG_WARN_CONSTANT_CONVERSION = YES;
				CLANG_WARN_DIRECT_OBJC_ISA_USAGE = YES_ERROR;
				CLANG_WARN_EMPTY_BODY = YES;
				CLANG_WARN_ENUM_CONVERSION = YES;
				CLANG_WARN_INT_CONVERSION = YES;
				CLANG_WARN_OBJC_ROOT_CLASS = YES_ERROR;
				CLANG_WARN_UNREACHABLE_CODE = YES;
				CLANG_WARN__DUPLICATE_METHOD_MATCH = YES;
				"CODE_SIGN_IDENTITY[sdk=iphoneos*]" = "iPhone Developer";
				COPY_PHASE_STRIP = YES;
				ENABLE_NS_ASSERTIONS = NO;
				ENABLE_STRICT_OBJC_MSGSEND = YES;
				GCC_C_LANGUAGE_STANDARD = gnu99;
				GCC_PRECOMPILE_PREFIX_HEADER = YES;
				GCC_PREFIX_HEADER = "TeamCowboy-iPhone/Prefix.pch";
				GCC_WARN_64_TO_32_BIT_CONVERSION = YES;
				GCC_WARN_ABOUT_RETURN_TYPE = YES_ERROR;
				GCC_WARN_UNDECLARED_SELECTOR = YES;
				GCC_WARN_UNINITIALIZED_AUTOS = YES_AGGRESSIVE;
				GCC_WARN_UNUSED_FUNCTION = YES;
				GCC_WARN_UNUSED_VARIABLE = YES;
				IPHONEOS_DEPLOYMENT_TARGET = 8.0;
				MTL_ENABLE_DEBUG_INFO = NO;
				SDKROOT = iphoneos;
				VALIDATE_PRODUCT = YES;
			};
			name = Release;
		};
		97A069AA1997F90A0094556D /* Debug */ = {
			isa = XCBuildConfiguration;
			buildSettings = {
				ASSETCATALOG_COMPILER_APPICON_NAME = AppIcon;
				ASSETCATALOG_COMPILER_LAUNCHIMAGE_NAME = LaunchImage;
				INFOPLIST_FILE = "TeamCowboy-iPhone/Info.plist";
				LD_RUNPATH_SEARCH_PATHS = "$(inherited) @executable_path/Frameworks";
				PRODUCT_NAME = "$(TARGET_NAME)";
			};
			name = Debug;
		};
		97A069AB1997F90A0094556D /* Release */ = {
			isa = XCBuildConfiguration;
			buildSettings = {
				ASSETCATALOG_COMPILER_APPICON_NAME = AppIcon;
				ASSETCATALOG_COMPILER_LAUNCHIMAGE_NAME = LaunchImage;
				INFOPLIST_FILE = "TeamCowboy-iPhone/Info.plist";
				LD_RUNPATH_SEARCH_PATHS = "$(inherited) @executable_path/Frameworks";
				PRODUCT_NAME = "$(TARGET_NAME)";
			};
			name = Release;
		};
		97A069AD1997F90A0094556D /* Debug */ = {
			isa = XCBuildConfiguration;
			buildSettings = {
				BUNDLE_LOADER = "$(TEST_HOST)";
				FRAMEWORK_SEARCH_PATHS = (
					"$(SDKROOT)/Developer/Library/Frameworks",
					"$(inherited)",
				);
				GCC_PREPROCESSOR_DEFINITIONS = (
					"DEBUG=1",
					"$(inherited)",
				);
				INFOPLIST_FILE = "TeamCowboy-iPhoneTests/Info.plist";
				LD_RUNPATH_SEARCH_PATHS = "$(inherited) @executable_path/Frameworks @loader_path/Frameworks";
				PRODUCT_NAME = "$(TARGET_NAME)";
				TEST_HOST = "$(BUILT_PRODUCTS_DIR)/TeamCowboy-iPhone.app/TeamCowboy-iPhone";
			};
			name = Debug;
		};
		97A069AE1997F90A0094556D /* Release */ = {
			isa = XCBuildConfiguration;
			buildSettings = {
				BUNDLE_LOADER = "$(TEST_HOST)";
				FRAMEWORK_SEARCH_PATHS = (
					"$(SDKROOT)/Developer/Library/Frameworks",
					"$(inherited)",
				);
				INFOPLIST_FILE = "TeamCowboy-iPhoneTests/Info.plist";
				LD_RUNPATH_SEARCH_PATHS = "$(inherited) @executable_path/Frameworks @loader_path/Frameworks";
				PRODUCT_NAME = "$(TARGET_NAME)";
				TEST_HOST = "$(BUILT_PRODUCTS_DIR)/TeamCowboy-iPhone.app/TeamCowboy-iPhone";
			};
			name = Release;
		};
/* End XCBuildConfiguration section */

/* Begin XCConfigurationList section */
		97A069841997F90A0094556D /* Build configuration list for PBXProject "TeamCowboy-iPhone" */ = {
			isa = XCConfigurationList;
			buildConfigurations = (
				97A069A71997F90A0094556D /* Debug */,
				97A069A81997F90A0094556D /* Release */,
			);
			defaultConfigurationIsVisible = 0;
			defaultConfigurationName = Release;
		};
		97A069A91997F90A0094556D /* Build configuration list for PBXNativeTarget "TeamCowboy-iPhone" */ = {
			isa = XCConfigurationList;
			buildConfigurations = (
				97A069AA1997F90A0094556D /* Debug */,
				97A069AB1997F90A0094556D /* Release */,
			);
			defaultConfigurationIsVisible = 0;
			defaultConfigurationName = Release;
		};
		97A069AC1997F90A0094556D /* Build configuration list for PBXNativeTarget "TeamCowboy-iPhoneTests" */ = {
			isa = XCConfigurationList;
			buildConfigurations = (
				97A069AD1997F90A0094556D /* Debug */,
				97A069AE1997F90A0094556D /* Release */,
			);
			defaultConfigurationIsVisible = 0;
			defaultConfigurationName = Release;
		};
/* End XCConfigurationList section */
	};
	rootObject = 97A069811997F90A0094556D /* Project object */;
}
